// !$*UTF8*$!
{
	archiveVersion = 1;
	classes = {
	};
	objectVersion = 46;
	objects = {

/* Begin PBXBuildFile section */
		B7157D781D261C5C0077E100 /* 20160701_2217.cpp in Sources */ = {isa = PBXBuildFile; fileRef = B7157D771D261C5C0077E100 /* 20160701_2217.cpp */; };
/* End PBXBuildFile section */

/* Begin PBXCopyFilesBuildPhase section */
		B7157D471D1A97370077E100 /* CopyFiles */ = {
			isa = PBXCopyFilesBuildPhase;
			buildActionMask = 2147483647;
			dstPath = /usr/share/man/man1/;
			dstSubfolderSpec = 0;
			files = (
			);
			runOnlyForDeploymentPostprocessing = 1;
		};
/* End PBXCopyFilesBuildPhase section */

/* Begin PBXFileReference section */
		B7157D491D1A97370077E100 /* ONEDAY_ONECODE */ = {isa = PBXFileReference; explicitFileType = "compiled.mach-o.executable"; includeInIndex = 0; path = ONEDAY_ONECODE; sourceTree = BUILT_PRODUCTS_DIR; };
		B7157D4C1D1A97370077E100 /* 20160622_2441.cpp */ = {isa = PBXFileReference; lastKnownFileType = sourcecode.cpp.cpp; path = 20160622_2441.cpp; sourceTree = "<group>"; };
		B7157D531D1A9E9E0077E100 /* 20160622_10871.cpp */ = {isa = PBXFileReference; fileEncoding = 4; lastKnownFileType = sourcecode.cpp.cpp; path = 20160622_10871.cpp; sourceTree = "<group>"; };
		B7157D551D1AA0D70077E100 /* 20160622_10845.cpp */ = {isa = PBXFileReference; fileEncoding = 4; lastKnownFileType = sourcecode.cpp.cpp; path = 20160622_10845.cpp; sourceTree = "<group>"; };
		B7157D571D1AAD740077E100 /* 20160622_5397.cpp */ = {isa = PBXFileReference; fileEncoding = 4; lastKnownFileType = sourcecode.cpp.cpp; path = 20160622_5397.cpp; sourceTree = "<group>"; };
		B7157D591D1C1D400077E100 /* 20160623_1963.cpp */ = {isa = PBXFileReference; fileEncoding = 4; lastKnownFileType = sourcecode.cpp.cpp; path = 20160623_1963.cpp; sourceTree = "<group>"; };
		B7157D5B1D1E45FD0077E100 /* 20160625_2193.cpp */ = {isa = PBXFileReference; fileEncoding = 4; lastKnownFileType = sourcecode.cpp.cpp; path = 20160625_2193.cpp; sourceTree = "<group>"; };
		B7157D5D1D1E49CE0077E100 /* 20160625_1967.cpp */ = {isa = PBXFileReference; fileEncoding = 4; lastKnownFileType = sourcecode.cpp.cpp; path = 20160625_1967.cpp; sourceTree = "<group>"; };
		B7157D5F1D1FD60B0077E100 /* 20160626_1963_(2).cpp */ = {isa = PBXFileReference; fileEncoding = 4; lastKnownFileType = sourcecode.cpp.cpp; path = "20160626_1963_(2).cpp"; sourceTree = "<group>"; };
		B7157D611D1FDE200077E100 /* 20160626_1967(2).cpp */ = {isa = PBXFileReference; fileEncoding = 4; lastKnownFileType = sourcecode.cpp.cpp; path = "20160626_1967(2).cpp"; sourceTree = "<group>"; };
		B7157D631D1FEA260077E100 /* 20160626_11403.cpp */ = {isa = PBXFileReference; fileEncoding = 4; lastKnownFileType = sourcecode.cpp.cpp; path = 20160626_11403.cpp; sourceTree = "<group>"; };
		B7157D651D215C020077E100 /* 20160627_1389.cpp */ = {isa = PBXFileReference; fileEncoding = 4; lastKnownFileType = sourcecode.cpp.cpp; path = 20160627_1389.cpp; sourceTree = "<group>"; };
		B7157D671D228DBF0077E100 /* 20160628_2579.cpp */ = {isa = PBXFileReference; fileEncoding = 4; lastKnownFileType = sourcecode.cpp.cpp; path = 20160628_2579.cpp; sourceTree = "<group>"; };
		B7157D691D2299DD0077E100 /* 20160628_1946.cpp */ = {isa = PBXFileReference; fileEncoding = 4; lastKnownFileType = sourcecode.cpp.cpp; path = 20160628_1946.cpp; sourceTree = "<group>"; };
		B7157D6D1D23C8A60077E100 /* 20160629_2293.cpp */ = {isa = PBXFileReference; fileEncoding = 4; lastKnownFileType = sourcecode.cpp.cpp; path = 20160629_2293.cpp; sourceTree = "<group>"; };
		B7157D6F1D24E22E0077E100 /* 20160630_9461.cpp */ = {isa = PBXFileReference; fileEncoding = 4; lastKnownFileType = sourcecode.cpp.cpp; path = 20160630_9461.cpp; sourceTree = "<group>"; };
		B7157D711D24EAD10077E100 /* 20160630_5014.cpp */ = {isa = PBXFileReference; fileEncoding = 4; lastKnownFileType = sourcecode.cpp.cpp; path = 20160630_5014.cpp; sourceTree = "<group>"; };
		B7157D731D24F45F0077E100 /* 20160630_1969.cpp */ = {isa = PBXFileReference; fileEncoding = 4; lastKnownFileType = sourcecode.cpp.cpp; path = 20160630_1969.cpp; sourceTree = "<group>"; };
		B7157D751D26137A0077E100 /* 20160701_1912.cpp */ = {isa = PBXFileReference; fileEncoding = 4; lastKnownFileType = sourcecode.cpp.cpp; path = 20160701_1912.cpp; sourceTree = "<group>"; };
		B7157D771D261C5C0077E100 /* 20160701_2217.cpp */ = {isa = PBXFileReference; fileEncoding = 4; lastKnownFileType = sourcecode.cpp.cpp; path = 20160701_2217.cpp; sourceTree = "<group>"; };
/* End PBXFileReference section */

/* Begin PBXFrameworksBuildPhase section */
		B7157D461D1A97370077E100 /* Frameworks */ = {
			isa = PBXFrameworksBuildPhase;
			buildActionMask = 2147483647;
			files = (
			);
			runOnlyForDeploymentPostprocessing = 0;
		};
/* End PBXFrameworksBuildPhase section */

/* Begin PBXGroup section */
		B7157D401D1A97370077E100 = {
			isa = PBXGroup;
			children = (
				B7157D4B1D1A97370077E100 /* ONEDAY_ONECODE */,
				B7157D4A1D1A97370077E100 /* Products */,
			);
			sourceTree = "<group>";
		};
		B7157D4A1D1A97370077E100 /* Products */ = {
			isa = PBXGroup;
			children = (
				B7157D491D1A97370077E100 /* ONEDAY_ONECODE */,
			);
			name = Products;
			sourceTree = "<group>";
		};
		B7157D4B1D1A97370077E100 /* ONEDAY_ONECODE */ = {
			isa = PBXGroup;
			children = (
				B7157D4C1D1A97370077E100 /* 20160622_2441.cpp */,
				B7157D531D1A9E9E0077E100 /* 20160622_10871.cpp */,
				B7157D551D1AA0D70077E100 /* 20160622_10845.cpp */,
				B7157D571D1AAD740077E100 /* 20160622_5397.cpp */,
				B7157D591D1C1D400077E100 /* 20160623_1963.cpp */,
				B7157D5B1D1E45FD0077E100 /* 20160625_2193.cpp */,
				B7157D5D1D1E49CE0077E100 /* 20160625_1967.cpp */,
				B7157D5F1D1FD60B0077E100 /* 20160626_1963_(2).cpp */,
				B7157D611D1FDE200077E100 /* 20160626_1967(2).cpp */,
				B7157D631D1FEA260077E100 /* 20160626_11403.cpp */,
				B7157D651D215C020077E100 /* 20160627_1389.cpp */,
				B7157D671D228DBF0077E100 /* 20160628_2579.cpp */,
				B7157D691D2299DD0077E100 /* 20160628_1946.cpp */,
				B7157D6D1D23C8A60077E100 /* 20160629_2293.cpp */,
				B7157D6F1D24E22E0077E100 /* 20160630_9461.cpp */,
				B7157D711D24EAD10077E100 /* 20160630_5014.cpp */,
				B7157D731D24F45F0077E100 /* 20160630_1969.cpp */,
				B7157D751D26137A0077E100 /* 20160701_1912.cpp */,
				B7157D771D261C5C0077E100 /* 20160701_2217.cpp */,
			);
			path = ONEDAY_ONECODE;
			sourceTree = "<group>";
		};
/* End PBXGroup section */

/* Begin PBXNativeTarget section */
		B7157D481D1A97370077E100 /* ONEDAY_ONECODE */ = {
			isa = PBXNativeTarget;
			buildConfigurationList = B7157D501D1A97370077E100 /* Build configuration list for PBXNativeTarget "ONEDAY_ONECODE" */;
			buildPhases = (
				B7157D451D1A97370077E100 /* Sources */,
				B7157D461D1A97370077E100 /* Frameworks */,
				B7157D471D1A97370077E100 /* CopyFiles */,
			);
			buildRules = (
			);
			dependencies = (
			);
			name = ONEDAY_ONECODE;
			productName = ONEDAY_ONECODE;
			productReference = B7157D491D1A97370077E100 /* ONEDAY_ONECODE */;
			productType = "com.apple.product-type.tool";
		};
/* End PBXNativeTarget section */

/* Begin PBXProject section */
		B7157D411D1A97370077E100 /* Project object */ = {
			isa = PBXProject;
			attributes = {
				LastUpgradeCheck = 0710;
				ORGANIZATIONNAME = YOONJEEWOO;
				TargetAttributes = {
					B7157D481D1A97370077E100 = {
						CreatedOnToolsVersion = 7.1;
					};
				};
			};
			buildConfigurationList = B7157D441D1A97370077E100 /* Build configuration list for PBXProject "ONEDAY_ONECODE" */;
			compatibilityVersion = "Xcode 3.2";
			developmentRegion = English;
			hasScannedForEncodings = 0;
			knownRegions = (
				en,
			);
			mainGroup = B7157D401D1A97370077E100;
			productRefGroup = B7157D4A1D1A97370077E100 /* Products */;
			projectDirPath = "";
			projectRoot = "";
			targets = (
				B7157D481D1A97370077E100 /* ONEDAY_ONECODE */,
			);
		};
/* End PBXProject section */

/* Begin PBXSourcesBuildPhase section */
		B7157D451D1A97370077E100 /* Sources */ = {
			isa = PBXSourcesBuildPhase;
			buildActionMask = 2147483647;
			files = (
				B7157D781D261C5C0077E100 /* 20160701_2217.cpp in Sources */,
			);
			runOnlyForDeploymentPostprocessing = 0;
		};
/* End PBXSourcesBuildPhase section */

/* Begin XCBuildConfiguration section */
		B7157D4E1D1A97370077E100 /* Debug */ = {
			isa = XCBuildConfiguration;
			buildSettings = {
				ALWAYS_SEARCH_USER_PATHS = NO;
				CLANG_CXX_LANGUAGE_STANDARD = "gnu++0x";
				CLANG_CXX_LIBRARY = "libc++";
				CLANG_ENABLE_MODULES = YES;
				CLANG_ENABLE_OBJC_ARC = YES;
				CLANG_WARN_BOOL_CONVERSION = YES;
				CLANG_WARN_CONSTANT_CONVERSION = YES;
				CLANG_WARN_DIRECT_OBJC_ISA_USAGE = YES_ERROR;
				CLANG_WARN_EMPTY_BODY = YES;
				CLANG_WARN_ENUM_CONVERSION = YES;
				CLANG_WARN_INT_CONVERSION = YES;
				CLANG_WARN_OBJC_ROOT_CLASS = YES_ERROR;
				CLANG_WARN_UNREACHABLE_CODE = YES;
				CLANG_WARN__DUPLICATE_METHOD_MATCH = YES;
				CODE_SIGN_IDENTITY = "-";
				COPY_PHASE_STRIP = NO;
				DEBUG_INFORMATION_FORMAT = dwarf;
				ENABLE_STRICT_OBJC_MSGSEND = YES;
				ENABLE_TESTABILITY = YES;
				GCC_C_LANGUAGE_STANDARD = gnu99;
				GCC_DYNAMIC_NO_PIC = NO;
				GCC_NO_COMMON_BLOCKS = YES;
				GCC_OPTIMIZATION_LEVEL = 0;
				GCC_PREPROCESSOR_DEFINITIONS = (
					"DEBUG=1",
					"$(inherited)",
				);
				GCC_WARN_64_TO_32_BIT_CONVERSION = YES;
				GCC_WARN_ABOUT_RETURN_TYPE = YES_ERROR;
				GCC_WARN_UNDECLARED_SELECTOR = YES;
				GCC_WARN_UNINITIALIZED_AUTOS = YES_AGGRESSIVE;
				GCC_WARN_UNUSED_FUNCTION = YES;
				GCC_WARN_UNUSED_VARIABLE = YES;
				MACOSX_DEPLOYMENT_TARGET = 10.11;
				MTL_ENABLE_DEBUG_INFO = YES;
				ONLY_ACTIVE_ARCH = YES;
				SDKROOT = macosx;
			};
			name = Debug;
		};
		B7157D4F1D1A97370077E100 /* Release */ = {
			isa = XCBuildConfiguration;
			buildSettings = {
				ALWAYS_SEARCH_USER_PATHS = NO;
				CLANG_CXX_LANGUAGE_STANDARD = "gnu++0x";
				CLANG_CXX_LIBRARY = "libc++";
				CLANG_ENABLE_MODULES = YES;
				CLANG_ENABLE_OBJC_ARC = YES;
				CLANG_WARN_BOOL_CONVERSION = YES;
				CLANG_WARN_CONSTANT_CONVERSION = YES;
				CLANG_WARN_DIRECT_OBJC_ISA_USAGE = YES_ERROR;
				CLANG_WARN_EMPTY_BODY = YES;
				CLANG_WARN_ENUM_CONVERSION = YES;
				CLANG_WARN_INT_CONVERSION = YES;
				CLANG_WARN_OBJC_ROOT_CLASS = YES_ERROR;
				CLANG_WARN_UNREACHABLE_CODE = YES;
				CLANG_WARN__DUPLICATE_METHOD_MATCH = YES;
				CODE_SIGN_IDENTITY = "-";
				COPY_PHASE_STRIP = NO;
				DEBUG_INFORMATION_FORMAT = "dwarf-with-dsym";
				ENABLE_NS_ASSERTIONS = NO;
				ENABLE_STRICT_OBJC_MSGSEND = YES;
				GCC_C_LANGUAGE_STANDARD = gnu99;
				GCC_NO_COMMON_BLOCKS = YES;
				GCC_WARN_64_TO_32_BIT_CONVERSION = YES;
				GCC_WARN_ABOUT_RETURN_TYPE = YES_ERROR;
				GCC_WARN_UNDECLARED_SELECTOR = YES;
				GCC_WARN_UNINITIALIZED_AUTOS = YES_AGGRESSIVE;
				GCC_WARN_UNUSED_FUNCTION = YES;
				GCC_WARN_UNUSED_VARIABLE = YES;
				MACOSX_DEPLOYMENT_TARGET = 10.11;
				MTL_ENABLE_DEBUG_INFO = NO;
				SDKROOT = macosx;
			};
			name = Release;
		};
		B7157D511D1A97370077E100 /* Debug */ = {
			isa = XCBuildConfiguration;
			buildSettings = {
				PRODUCT_NAME = "$(TARGET_NAME)";
			};
			name = Debug;
		};
		B7157D521D1A97370077E100 /* Release */ = {
			isa = XCBuildConfiguration;
			buildSettings = {
				PRODUCT_NAME = "$(TARGET_NAME)";
			};
			name = Release;
		};
/* End XCBuildConfiguration section */

/* Begin XCConfigurationList section */
		B7157D441D1A97370077E100 /* Build configuration list for PBXProject "ONEDAY_ONECODE" */ = {
			isa = XCConfigurationList;
			buildConfigurations = (
				B7157D4E1D1A97370077E100 /* Debug */,
				B7157D4F1D1A97370077E100 /* Release */,
			);
			defaultConfigurationIsVisible = 0;
			defaultConfigurationName = Release;
		};
		B7157D501D1A97370077E100 /* Build configuration list for PBXNativeTarget "ONEDAY_ONECODE" */ = {
			isa = XCConfigurationList;
			buildConfigurations = (
				B7157D511D1A97370077E100 /* Debug */,
				B7157D521D1A97370077E100 /* Release */,
			);
			defaultConfigurationIsVisible = 0;
		};
/* End XCConfigurationList section */
	};
	rootObject = B7157D411D1A97370077E100 /* Project object */;
}
